
Microsoft Visual Studio Solution File, Format Version 12.00
# Visual Studio Version 16
VisualStudioVersion = 16.0.30711.63
MinimumVisualStudioVersion = 10.0.40219.1
Project("{FAE04EC0-301F-11D3-BF4B-00C04F79EFBC}") = "UserManagementAPI", "UserManagementAPI\UserManagementAPI.csproj", "{CEE917F9-1790-4E52-ACFB-5D2BD31D0AC3}"
EndProject
Global
	GlobalSection(SolutionConfigurationPlatforms) = preSolution
		Debug|Any CPU = Debug|Any CPU
		Release|Any CPU = Release|Any CPU
	EndGlobalSection
	GlobalSection(ProjectConfigurationPlatforms) = postSolution
		{CEE917F9-1790-4E52-ACFB-5D2BD31D0AC3}.Debug|Any CPU.ActiveCfg = Debug|Any CPU
		{CEE917F9-1790-4E52-ACFB-5D2BD31D0AC3}.Debug|Any CPU.Build.0 = Debug|Any CPU
		{CEE917F9-1790-4E52-ACFB-5D2BD31D0AC3}.Release|Any CPU.ActiveCfg = Release|Any CPU
		{CEE917F9-1790-4E52-ACFB-5D2BD31D0AC3}.Release|Any CPU.Build.0 = Release|Any CPU
	EndGlobalSection
	GlobalSection(SolutionProperties) = preSolution
		HideSolutionNode = FALSE
	EndGlobalSection
	GlobalSection(ExtensibilityGlobals) = postSolution
		SolutionGuid = {BB2426A0-212E-4A88-A6AB-96B6B248954C}
	EndGlobalSection
EndGlobal
